// !$*UTF8*$!
{
	archiveVersion = 1;
	classes = {
	};
	objectVersion = 46;
	objects = {

/* Begin PBXBuildFile section */
		941CE22C18AD6BA200E773BF /* User.m in Sources */ = {isa = PBXBuildFile; fileRef = 941CE22B18AD6BA200E773BF /* User.m */; };
		941CE22F18AD725800E773BF /* SignupViewController.m in Sources */ = {isa = PBXBuildFile; fileRef = 941CE22E18AD725800E773BF /* SignupViewController.m */; };
		941CE23318AEBE4600E773BF /* Server.m in Sources */ = {isa = PBXBuildFile; fileRef = 941CE23218AEBE4600E773BF /* Server.m */; };
		942B9DAB18AD5A44003F8CA6 /* HomeViewController.m in Sources */ = {isa = PBXBuildFile; fileRef = 942B9DAA18AD5A44003F8CA6 /* HomeViewController.m */; };
		942CF35018B2852700BF1B70 /* LEViewController.m in Sources */ = {isa = PBXBuildFile; fileRef = 942CF34F18B2852700BF1B70 /* LEViewController.m */; };
		942CF35318B2932F00BF1B70 /* LoginViewController.m in Sources */ = {isa = PBXBuildFile; fileRef = 942CF35218B2932F00BF1B70 /* LoginViewController.m */; };
		9438EC1F18D405C2007A1643 /* TODO in Resources */ = {isa = PBXBuildFile; fileRef = 9438EC1E18D405C2007A1643 /* TODO */; };
		9438EC2318D65EA0007A1643 /* TellFriendsViewController.m in Sources */ = {isa = PBXBuildFile; fileRef = 9438EC2218D65EA0007A1643 /* TellFriendsViewController.m */; };
		9438EC2518D6AAC8007A1643 /* MessageUI.framework in Frameworks */ = {isa = PBXBuildFile; fileRef = 9438EC2418D6AAC8007A1643 /* MessageUI.framework */; };
		9438EC2818E1C816007A1643 /* Restaurant.m in Sources */ = {isa = PBXBuildFile; fileRef = 9438EC2718E1C816007A1643 /* Restaurant.m */; };
		9438EC2E18E1DAE0007A1643 /* RestaurantTableViewCell.m in Sources */ = {isa = PBXBuildFile; fileRef = 9438EC2D18E1DAE0007A1643 /* RestaurantTableViewCell.m */; };
		94394FF518B3EBE200A2FEDB /* WhoViewController.m in Sources */ = {isa = PBXBuildFile; fileRef = 94394FF418B3EBE200A2FEDB /* WhoViewController.m */; };
		94394FFB18B4019B00A2FEDB /* JSONKit.m in Sources */ = {isa = PBXBuildFile; fileRef = 94394FFA18B4019B00A2FEDB /* JSONKit.m */; settings = {COMPILER_FLAGS = "-fno-objc-arc"; }; };
		9448D86B18BFAAC5007D40D0 /* PriceViewController.m in Sources */ = {isa = PBXBuildFile; fileRef = 9448D86A18BFAAC5007D40D0 /* PriceViewController.m */; };
		945930001912B631007C5C05 /* ProgressBarTableViewCell.m in Sources */ = {isa = PBXBuildFile; fileRef = 94592FFF1912B631007C5C05 /* ProgressBarTableViewCell.m */; };
		945930031912B824007C5C05 /* ProgressBarDelegate.m in Sources */ = {isa = PBXBuildFile; fileRef = 945930021912B824007C5C05 /* ProgressBarDelegate.m */; };
		945930061912C6D8007C5C05 /* FoodTypeTableViewCell.m in Sources */ = {isa = PBXBuildFile; fileRef = 945930051912C6D8007C5C05 /* FoodTypeTableViewCell.m */; };
		945930091913E382007C5C05 /* CheckAllStarsTableViewCell.m in Sources */ = {isa = PBXBuildFile; fileRef = 945930081913E382007C5C05 /* CheckAllStarsTableViewCell.m */; };
		94610F4818A950B40094779E /* Foundation.framework in Frameworks */ = {isa = PBXBuildFile; fileRef = 94610F4718A950B40094779E /* Foundation.framework */; };
		94610F4A18A950B40094779E /* CoreGraphics.framework in Frameworks */ = {isa = PBXBuildFile; fileRef = 94610F4918A950B40094779E /* CoreGraphics.framework */; };
		94610F4C18A950B40094779E /* UIKit.framework in Frameworks */ = {isa = PBXBuildFile; fileRef = 94610F4B18A950B40094779E /* UIKit.framework */; };
		94610F5218A950B40094779E /* InfoPlist.strings in Resources */ = {isa = PBXBuildFile; fileRef = 94610F5018A950B40094779E /* InfoPlist.strings */; };
		94610F5418A950B40094779E /* main.m in Sources */ = {isa = PBXBuildFile; fileRef = 94610F5318A950B40094779E /* main.m */; };
		94610F5818A950B40094779E /* AppDelegate.m in Sources */ = {isa = PBXBuildFile; fileRef = 94610F5718A950B40094779E /* AppDelegate.m */; };
		94610F5B18A950B40094779E /* Main.storyboard in Resources */ = {isa = PBXBuildFile; fileRef = 94610F5918A950B40094779E /* Main.storyboard */; };
		94610F5E18A950B40094779E /* InitialViewController.m in Sources */ = {isa = PBXBuildFile; fileRef = 94610F5D18A950B40094779E /* InitialViewController.m */; };
		94610F6018A950B40094779E /* Images.xcassets in Resources */ = {isa = PBXBuildFile; fileRef = 94610F5F18A950B40094779E /* Images.xcassets */; };
		94610F6718A950B40094779E /* XCTest.framework in Frameworks */ = {isa = PBXBuildFile; fileRef = 94610F6618A950B40094779E /* XCTest.framework */; };
		94610F6818A950B40094779E /* Foundation.framework in Frameworks */ = {isa = PBXBuildFile; fileRef = 94610F4718A950B40094779E /* Foundation.framework */; };
		94610F6918A950B40094779E /* UIKit.framework in Frameworks */ = {isa = PBXBuildFile; fileRef = 94610F4B18A950B40094779E /* UIKit.framework */; };
		94610F7118A950B40094779E /* InfoPlist.strings in Resources */ = {isa = PBXBuildFile; fileRef = 94610F6F18A950B40094779E /* InfoPlist.strings */; };
		94610F7318A950B40094779E /* Let_s_EatTests.m in Sources */ = {isa = PBXBuildFile; fileRef = 94610F7218A950B40094779E /* Let_s_EatTests.m */; };
		9466154518E3047A0066E84D /* RestaurantViewController.m in Sources */ = {isa = PBXBuildFile; fileRef = 9466154418E3047A0066E84D /* RestaurantViewController.m */; };
		947F1DEA18B4FC38009924E5 /* ValidationViewController.m in Sources */ = {isa = PBXBuildFile; fileRef = 947F1DE918B4FC38009924E5 /* ValidationViewController.m */; };
		9483580018EB02D60022A13C /* InvitationsConnectionHandler.m in Sources */ = {isa = PBXBuildFile; fileRef = 948357FF18EB02D60022A13C /* InvitationsConnectionHandler.m */; };
		9483580618ECA0550022A13C /* InviteCases in Resources */ = {isa = PBXBuildFile; fileRef = 9483580518ECA0550022A13C /* InviteCases */; };
		9483C4A618EF4B4E00373A56 /* InviteTransitionConnectionHandler.m in Sources */ = {isa = PBXBuildFile; fileRef = 9483C4A518EF4B4E00373A56 /* InviteTransitionConnectionHandler.m */; };
		948C090418C51575002A3524 /* InvitationsViewController.m in Sources */ = {isa = PBXBuildFile; fileRef = 948C090318C51575002A3524 /* InvitationsViewController.m */; };
		948C090718C5258D002A3524 /* Invitation.m in Sources */ = {isa = PBXBuildFile; fileRef = 948C090618C5258D002A3524 /* Invitation.m */; };
		948C091018C67F26002A3524 /* InviteViewController.m in Sources */ = {isa = PBXBuildFile; fileRef = 948C090F18C67F26002A3524 /* InviteViewController.m */; };
		94B8AD031925436000E39221 /* NonScheduledTableViewCell.m in Sources */ = {isa = PBXBuildFile; fileRef = 94B8AD021925436000E39221 /* NonScheduledTableViewCell.m */; };
		94C3928318E35B7900F194F3 /* ScheduledMealController.m in Sources */ = {isa = PBXBuildFile; fileRef = 94C3928218E35B7900F194F3 /* ScheduledMealController.m */; };
		94D2605818BA9DAB005FF97C /* CreateMealNavigationController.m in Sources */ = {isa = PBXBuildFile; fileRef = 94D2605718BA9DAB005FF97C /* CreateMealNavigationController.m */; };
		94D2605B18BB9BE4005FF97C /* WhereViewController.m in Sources */ = {isa = PBXBuildFile; fileRef = 94D2605A18BB9BE4005FF97C /* WhereViewController.m */; };
		94D2605D18BBAA24005FF97C /* MapKit.framework in Frameworks */ = {isa = PBXBuildFile; fileRef = 94D2605C18BBAA24005FF97C /* MapKit.framework */; };
		94D2606618BD2184005FF97C /* WhatViewController.m in Sources */ = {isa = PBXBuildFile; fileRef = 94D2606518BD2184005FF97C /* WhatViewController.m */; };
		94D2606818BD59A6005FF97C /* KnownBugs in Resources */ = {isa = PBXBuildFile; fileRef = 94D2606718BD59A6005FF97C /* KnownBugs */; };
		94EF731318C8BF3800FFF973 /* NSDate-Utilities.m in Sources */ = {isa = PBXBuildFile; fileRef = 94EF731218C8BF3800FFF973 /* NSDate-Utilities.m */; };
		94EF731918CE6BA700FFF973 /* Graphics.m in Sources */ = {isa = PBXBuildFile; fileRef = 94EF731818CE6BA700FFF973 /* Graphics.m */; };
		94FB92111922B334000C6D22 /* FinalStepTableViewCell.m in Sources */ = {isa = PBXBuildFile; fileRef = 94FB92101922B334000C6D22 /* FinalStepTableViewCell.m */; };
/* End PBXBuildFile section */

/* Begin PBXContainerItemProxy section */
		94610F6A18A950B40094779E /* PBXContainerItemProxy */ = {
			isa = PBXContainerItemProxy;
			containerPortal = 94610F3C18A950B40094779E /* Project object */;
			proxyType = 1;
			remoteGlobalIDString = 94610F4318A950B40094779E;
			remoteInfo = "Let's Eat";
		};
/* End PBXContainerItemProxy section */

/* Begin PBXFileReference section */
		941CE22A18AD6BA200E773BF /* User.h */ = {isa = PBXFileReference; fileEncoding = 4; lastKnownFileType = sourcecode.c.h; path = User.h; sourceTree = "<group>"; };
		941CE22B18AD6BA200E773BF /* User.m */ = {isa = PBXFileReference; fileEncoding = 4; lastKnownFileType = sourcecode.c.objc; path = User.m; sourceTree = "<group>"; };
		941CE22D18AD725800E773BF /* SignupViewController.h */ = {isa = PBXFileReference; fileEncoding = 4; lastKnownFileType = sourcecode.c.h; path = SignupViewController.h; sourceTree = "<group>"; };
		941CE22E18AD725800E773BF /* SignupViewController.m */ = {isa = PBXFileReference; fileEncoding = 4; lastKnownFileType = sourcecode.c.objc; path = SignupViewController.m; sourceTree = "<group>"; };
		941CE23118AEBE4600E773BF /* Server.h */ = {isa = PBXFileReference; fileEncoding = 4; lastKnownFileType = sourcecode.c.h; path = Server.h; sourceTree = "<group>"; };
		941CE23218AEBE4600E773BF /* Server.m */ = {isa = PBXFileReference; fileEncoding = 4; lastKnownFileType = sourcecode.c.objc; path = Server.m; sourceTree = "<group>"; };
		942B9DA918AD5A44003F8CA6 /* HomeViewController.h */ = {isa = PBXFileReference; fileEncoding = 4; lastKnownFileType = sourcecode.c.h; path = HomeViewController.h; sourceTree = "<group>"; };
		942B9DAA18AD5A44003F8CA6 /* HomeViewController.m */ = {isa = PBXFileReference; fileEncoding = 4; lastKnownFileType = sourcecode.c.objc; path = HomeViewController.m; sourceTree = "<group>"; };
		942CF34E18B2852700BF1B70 /* LEViewController.h */ = {isa = PBXFileReference; fileEncoding = 4; lastKnownFileType = sourcecode.c.h; path = LEViewController.h; sourceTree = "<group>"; };
		942CF34F18B2852700BF1B70 /* LEViewController.m */ = {isa = PBXFileReference; fileEncoding = 4; lastKnownFileType = sourcecode.c.objc; path = LEViewController.m; sourceTree = "<group>"; };
		942CF35118B2932F00BF1B70 /* LoginViewController.h */ = {isa = PBXFileReference; fileEncoding = 4; lastKnownFileType = sourcecode.c.h; path = LoginViewController.h; sourceTree = "<group>"; };
		942CF35218B2932F00BF1B70 /* LoginViewController.m */ = {isa = PBXFileReference; fileEncoding = 4; lastKnownFileType = sourcecode.c.objc; path = LoginViewController.m; sourceTree = "<group>"; };
		9438EC1E18D405C2007A1643 /* TODO */ = {isa = PBXFileReference; fileEncoding = 4; lastKnownFileType = text; path = TODO; sourceTree = "<group>"; };
		9438EC2118D65EA0007A1643 /* TellFriendsViewController.h */ = {isa = PBXFileReference; fileEncoding = 4; lastKnownFileType = sourcecode.c.h; path = TellFriendsViewController.h; sourceTree = "<group>"; };
		9438EC2218D65EA0007A1643 /* TellFriendsViewController.m */ = {isa = PBXFileReference; fileEncoding = 4; lastKnownFileType = sourcecode.c.objc; path = TellFriendsViewController.m; sourceTree = "<group>"; };
		9438EC2418D6AAC8007A1643 /* MessageUI.framework */ = {isa = PBXFileReference; lastKnownFileType = wrapper.framework; name = MessageUI.framework; path = System/Library/Frameworks/MessageUI.framework; sourceTree = SDKROOT; };
		9438EC2618E1C816007A1643 /* Restaurant.h */ = {isa = PBXFileReference; fileEncoding = 4; lastKnownFileType = sourcecode.c.h; path = Restaurant.h; sourceTree = "<group>"; };
		9438EC2718E1C816007A1643 /* Restaurant.m */ = {isa = PBXFileReference; fileEncoding = 4; lastKnownFileType = sourcecode.c.objc; path = Restaurant.m; sourceTree = "<group>"; };
		9438EC2C18E1DAE0007A1643 /* RestaurantTableViewCell.h */ = {isa = PBXFileReference; fileEncoding = 4; lastKnownFileType = sourcecode.c.h; path = RestaurantTableViewCell.h; sourceTree = "<group>"; };
		9438EC2D18E1DAE0007A1643 /* RestaurantTableViewCell.m */ = {isa = PBXFileReference; fileEncoding = 4; lastKnownFileType = sourcecode.c.objc; path = RestaurantTableViewCell.m; sourceTree = "<group>"; };
		94394FF318B3EBE200A2FEDB /* WhoViewController.h */ = {isa = PBXFileReference; fileEncoding = 4; lastKnownFileType = sourcecode.c.h; path = WhoViewController.h; sourceTree = "<group>"; };
		94394FF418B3EBE200A2FEDB /* WhoViewController.m */ = {isa = PBXFileReference; fileEncoding = 4; lastKnownFileType = sourcecode.c.objc; path = WhoViewController.m; sourceTree = "<group>"; };
		94394FF918B4019B00A2FEDB /* JSONKit.h */ = {isa = PBXFileReference; fileEncoding = 4; lastKnownFileType = sourcecode.c.h; name = JSONKit.h; path = "Let's Eat/JSONKit.h"; sourceTree = "<group>"; };
		94394FFA18B4019B00A2FEDB /* JSONKit.m */ = {isa = PBXFileReference; fileEncoding = 4; lastKnownFileType = sourcecode.c.objc; name = JSONKit.m; path = "Let's Eat/JSONKit.m"; sourceTree = "<group>"; };
		9448D86918BFAAC5007D40D0 /* PriceViewController.h */ = {isa = PBXFileReference; fileEncoding = 4; lastKnownFileType = sourcecode.c.h; path = PriceViewController.h; sourceTree = "<group>"; };
		9448D86A18BFAAC5007D40D0 /* PriceViewController.m */ = {isa = PBXFileReference; fileEncoding = 4; lastKnownFileType = sourcecode.c.objc; path = PriceViewController.m; sourceTree = "<group>"; };
		94592FFE1912B631007C5C05 /* ProgressBarTableViewCell.h */ = {isa = PBXFileReference; fileEncoding = 4; lastKnownFileType = sourcecode.c.h; name = ProgressBarTableViewCell.h; path = ../ProgressBarTableViewCell.h; sourceTree = "<group>"; };
		94592FFF1912B631007C5C05 /* ProgressBarTableViewCell.m */ = {isa = PBXFileReference; fileEncoding = 4; lastKnownFileType = sourcecode.c.objc; name = ProgressBarTableViewCell.m; path = ../ProgressBarTableViewCell.m; sourceTree = "<group>"; };
		945930011912B824007C5C05 /* ProgressBarDelegate.h */ = {isa = PBXFileReference; fileEncoding = 4; lastKnownFileType = sourcecode.c.h; path = ProgressBarDelegate.h; sourceTree = "<group>"; };
		945930021912B824007C5C05 /* ProgressBarDelegate.m */ = {isa = PBXFileReference; fileEncoding = 4; lastKnownFileType = sourcecode.c.objc; path = ProgressBarDelegate.m; sourceTree = "<group>"; };
		945930041912C6D8007C5C05 /* FoodTypeTableViewCell.h */ = {isa = PBXFileReference; fileEncoding = 4; lastKnownFileType = sourcecode.c.h; path = FoodTypeTableViewCell.h; sourceTree = "<group>"; };
		945930051912C6D8007C5C05 /* FoodTypeTableViewCell.m */ = {isa = PBXFileReference; fileEncoding = 4; lastKnownFileType = sourcecode.c.objc; path = FoodTypeTableViewCell.m; sourceTree = "<group>"; };
		945930071913E382007C5C05 /* CheckAllStarsTableViewCell.h */ = {isa = PBXFileReference; fileEncoding = 4; lastKnownFileType = sourcecode.c.h; path = CheckAllStarsTableViewCell.h; sourceTree = "<group>"; };
		945930081913E382007C5C05 /* CheckAllStarsTableViewCell.m */ = {isa = PBXFileReference; fileEncoding = 4; lastKnownFileType = sourcecode.c.objc; path = CheckAllStarsTableViewCell.m; sourceTree = "<group>"; };
		94610F4418A950B40094779E /* Let's Eat.app */ = {isa = PBXFileReference; explicitFileType = wrapper.application; includeInIndex = 0; path = "Let's Eat.app"; sourceTree = BUILT_PRODUCTS_DIR; };
		94610F4718A950B40094779E /* Foundation.framework */ = {isa = PBXFileReference; lastKnownFileType = wrapper.framework; name = Foundation.framework; path = System/Library/Frameworks/Foundation.framework; sourceTree = SDKROOT; };
		94610F4918A950B40094779E /* CoreGraphics.framework */ = {isa = PBXFileReference; lastKnownFileType = wrapper.framework; name = CoreGraphics.framework; path = System/Library/Frameworks/CoreGraphics.framework; sourceTree = SDKROOT; };
		94610F4B18A950B40094779E /* UIKit.framework */ = {isa = PBXFileReference; lastKnownFileType = wrapper.framework; name = UIKit.framework; path = System/Library/Frameworks/UIKit.framework; sourceTree = SDKROOT; };
		94610F4F18A950B40094779E /* Let's Eat-Info.plist */ = {isa = PBXFileReference; lastKnownFileType = text.plist.xml; path = "Let's Eat-Info.plist"; sourceTree = "<group>"; };
		94610F5118A950B40094779E /* en */ = {isa = PBXFileReference; lastKnownFileType = text.plist.strings; name = en; path = en.lproj/InfoPlist.strings; sourceTree = "<group>"; };
		94610F5318A950B40094779E /* main.m */ = {isa = PBXFileReference; lastKnownFileType = sourcecode.c.objc; path = main.m; sourceTree = "<group>"; };
		94610F5518A950B40094779E /* Let's Eat-Prefix.pch */ = {isa = PBXFileReference; lastKnownFileType = sourcecode.c.h; path = "Let's Eat-Prefix.pch"; sourceTree = "<group>"; };
		94610F5618A950B40094779E /* AppDelegate.h */ = {isa = PBXFileReference; lastKnownFileType = sourcecode.c.h; path = AppDelegate.h; sourceTree = "<group>"; };
		94610F5718A950B40094779E /* AppDelegate.m */ = {isa = PBXFileReference; lastKnownFileType = sourcecode.c.objc; path = AppDelegate.m; sourceTree = "<group>"; };
		94610F5A18A950B40094779E /* Base */ = {isa = PBXFileReference; lastKnownFileType = file.storyboard; name = Base; path = Base.lproj/Main.storyboard; sourceTree = "<group>"; };
		94610F5C18A950B40094779E /* InitialViewController.h */ = {isa = PBXFileReference; lastKnownFileType = sourcecode.c.h; path = InitialViewController.h; sourceTree = "<group>"; };
		94610F5D18A950B40094779E /* InitialViewController.m */ = {isa = PBXFileReference; lastKnownFileType = sourcecode.c.objc; path = InitialViewController.m; sourceTree = "<group>"; };
		94610F5F18A950B40094779E /* Images.xcassets */ = {isa = PBXFileReference; lastKnownFileType = folder.assetcatalog; path = Images.xcassets; sourceTree = "<group>"; };
		94610F6518A950B40094779E /* Let's EatTests.xctest */ = {isa = PBXFileReference; explicitFileType = wrapper.cfbundle; includeInIndex = 0; path = "Let's EatTests.xctest"; sourceTree = BUILT_PRODUCTS_DIR; };
		94610F6618A950B40094779E /* XCTest.framework */ = {isa = PBXFileReference; lastKnownFileType = wrapper.framework; name = XCTest.framework; path = Library/Frameworks/XCTest.framework; sourceTree = DEVELOPER_DIR; };
		94610F6E18A950B40094779E /* Let's EatTests-Info.plist */ = {isa = PBXFileReference; lastKnownFileType = text.plist.xml; path = "Let's EatTests-Info.plist"; sourceTree = "<group>"; };
		94610F7018A950B40094779E /* en */ = {isa = PBXFileReference; lastKnownFileType = text.plist.strings; name = en; path = en.lproj/InfoPlist.strings; sourceTree = "<group>"; };
		94610F7218A950B40094779E /* Let_s_EatTests.m */ = {isa = PBXFileReference; lastKnownFileType = sourcecode.c.objc; path = Let_s_EatTests.m; sourceTree = "<group>"; };
		9466154318E3047A0066E84D /* RestaurantViewController.h */ = {isa = PBXFileReference; fileEncoding = 4; lastKnownFileType = sourcecode.c.h; path = RestaurantViewController.h; sourceTree = "<group>"; };
		9466154418E3047A0066E84D /* RestaurantViewController.m */ = {isa = PBXFileReference; fileEncoding = 4; lastKnownFileType = sourcecode.c.objc; path = RestaurantViewController.m; sourceTree = "<group>"; };
		947F1DE818B4FC38009924E5 /* ValidationViewController.h */ = {isa = PBXFileReference; fileEncoding = 4; lastKnownFileType = sourcecode.c.h; path = ValidationViewController.h; sourceTree = "<group>"; };
		947F1DE918B4FC38009924E5 /* ValidationViewController.m */ = {isa = PBXFileReference; fileEncoding = 4; lastKnownFileType = sourcecode.c.objc; path = ValidationViewController.m; sourceTree = "<group>"; };
		948357FE18EB02D60022A13C /* InvitationsConnectionHandler.h */ = {isa = PBXFileReference; fileEncoding = 4; lastKnownFileType = sourcecode.c.h; path = InvitationsConnectionHandler.h; sourceTree = "<group>"; };
		948357FF18EB02D60022A13C /* InvitationsConnectionHandler.m */ = {isa = PBXFileReference; fileEncoding = 4; lastKnownFileType = sourcecode.c.objc; path = InvitationsConnectionHandler.m; sourceTree = "<group>"; };
		9483580518ECA0550022A13C /* InviteCases */ = {isa = PBXFileReference; fileEncoding = 4; lastKnownFileType = text; path = InviteCases; sourceTree = "<group>"; };
		9483C4A418EF4B4E00373A56 /* InviteTransitionConnectionHandler.h */ = {isa = PBXFileReference; fileEncoding = 4; lastKnownFileType = sourcecode.c.h; path = InviteTransitionConnectionHandler.h; sourceTree = "<group>"; };
		9483C4A518EF4B4E00373A56 /* InviteTransitionConnectionHandler.m */ = {isa = PBXFileReference; fileEncoding = 4; lastKnownFileType = sourcecode.c.objc; path = InviteTransitionConnectionHandler.m; sourceTree = "<group>"; };
		948C090218C51575002A3524 /* InvitationsViewController.h */ = {isa = PBXFileReference; fileEncoding = 4; lastKnownFileType = sourcecode.c.h; path = InvitationsViewController.h; sourceTree = "<group>"; };
		948C090318C51575002A3524 /* InvitationsViewController.m */ = {isa = PBXFileReference; fileEncoding = 4; lastKnownFileType = sourcecode.c.objc; path = InvitationsViewController.m; sourceTree = "<group>"; };
		948C090518C5258D002A3524 /* Invitation.h */ = {isa = PBXFileReference; fileEncoding = 4; lastKnownFileType = sourcecode.c.h; path = Invitation.h; sourceTree = "<group>"; };
		948C090618C5258D002A3524 /* Invitation.m */ = {isa = PBXFileReference; fileEncoding = 4; lastKnownFileType = sourcecode.c.objc; path = Invitation.m; sourceTree = "<group>"; };
		948C090E18C67F26002A3524 /* InviteViewController.h */ = {isa = PBXFileReference; fileEncoding = 4; lastKnownFileType = sourcecode.c.h; path = InviteViewController.h; sourceTree = "<group>"; };
		948C090F18C67F26002A3524 /* InviteViewController.m */ = {isa = PBXFileReference; fileEncoding = 4; lastKnownFileType = sourcecode.c.objc; path = InviteViewController.m; sourceTree = "<group>"; };
		94B8AD011925436000E39221 /* NonScheduledTableViewCell.h */ = {isa = PBXFileReference; fileEncoding = 4; lastKnownFileType = sourcecode.c.h; path = NonScheduledTableViewCell.h; sourceTree = "<group>"; };
		94B8AD021925436000E39221 /* NonScheduledTableViewCell.m */ = {isa = PBXFileReference; fileEncoding = 4; lastKnownFileType = sourcecode.c.objc; path = NonScheduledTableViewCell.m; sourceTree = "<group>"; };
		94C3928118E35B7900F194F3 /* ScheduledMealController.h */ = {isa = PBXFileReference; fileEncoding = 4; lastKnownFileType = sourcecode.c.h; path = ScheduledMealController.h; sourceTree = "<group>"; };
		94C3928218E35B7900F194F3 /* ScheduledMealController.m */ = {isa = PBXFileReference; fileEncoding = 4; lastKnownFileType = sourcecode.c.objc; path = ScheduledMealController.m; sourceTree = "<group>"; };
		94D2605618BA9DAB005FF97C /* CreateMealNavigationController.h */ = {isa = PBXFileReference; fileEncoding = 4; lastKnownFileType = sourcecode.c.h; path = CreateMealNavigationController.h; sourceTree = "<group>"; };
		94D2605718BA9DAB005FF97C /* CreateMealNavigationController.m */ = {isa = PBXFileReference; fileEncoding = 4; lastKnownFileType = sourcecode.c.objc; path = CreateMealNavigationController.m; sourceTree = "<group>"; };
		94D2605918BB9BE4005FF97C /* WhereViewController.h */ = {isa = PBXFileReference; fileEncoding = 4; lastKnownFileType = sourcecode.c.h; path = WhereViewController.h; sourceTree = "<group>"; };
		94D2605A18BB9BE4005FF97C /* WhereViewController.m */ = {isa = PBXFileReference; fileEncoding = 4; lastKnownFileType = sourcecode.c.objc; path = WhereViewController.m; sourceTree = "<group>"; };
		94D2605C18BBAA24005FF97C /* MapKit.framework */ = {isa = PBXFileReference; lastKnownFileType = wrapper.framework; name = MapKit.framework; path = System/Library/Frameworks/MapKit.framework; sourceTree = SDKROOT; };
		94D2606418BD2184005FF97C /* WhatViewController.h */ = {isa = PBXFileReference; fileEncoding = 4; lastKnownFileType = sourcecode.c.h; path = WhatViewController.h; sourceTree = "<group>"; };
		94D2606518BD2184005FF97C /* WhatViewController.m */ = {isa = PBXFileReference; fileEncoding = 4; lastKnownFileType = sourcecode.c.objc; path = WhatViewController.m; sourceTree = "<group>"; };
		94D2606718BD59A6005FF97C /* KnownBugs */ = {isa = PBXFileReference; fileEncoding = 4; lastKnownFileType = text; path = KnownBugs; sourceTree = "<group>"; };
		94EF731118C8BF0800FFF973 /* NSDate-Utilities.h */ = {isa = PBXFileReference; fileEncoding = 4; lastKnownFileType = sourcecode.c.h; path = "NSDate-Utilities.h"; sourceTree = "<group>"; };
		94EF731218C8BF3800FFF973 /* NSDate-Utilities.m */ = {isa = PBXFileReference; fileEncoding = 4; lastKnownFileType = sourcecode.c.objc; path = "NSDate-Utilities.m"; sourceTree = "<group>"; };
		94EF731718CE6BA700FFF973 /* Graphics.h */ = {isa = PBXFileReference; fileEncoding = 4; lastKnownFileType = sourcecode.c.h; path = Graphics.h; sourceTree = "<group>"; };
		94EF731818CE6BA700FFF973 /* Graphics.m */ = {isa = PBXFileReference; fileEncoding = 4; lastKnownFileType = sourcecode.c.objc; path = Graphics.m; sourceTree = "<group>"; };
		94FB920F1922B334000C6D22 /* FinalStepTableViewCell.h */ = {isa = PBXFileReference; fileEncoding = 4; lastKnownFileType = sourcecode.c.h; path = FinalStepTableViewCell.h; sourceTree = "<group>"; };
		94FB92101922B334000C6D22 /* FinalStepTableViewCell.m */ = {isa = PBXFileReference; fileEncoding = 4; lastKnownFileType = sourcecode.c.objc; path = FinalStepTableViewCell.m; sourceTree = "<group>"; };
/* End PBXFileReference section */

/* Begin PBXFrameworksBuildPhase section */
		94610F4118A950B40094779E /* Frameworks */ = {
			isa = PBXFrameworksBuildPhase;
			buildActionMask = 2147483647;
			files = (
				9438EC2518D6AAC8007A1643 /* MessageUI.framework in Frameworks */,
				94D2605D18BBAA24005FF97C /* MapKit.framework in Frameworks */,
				94610F4A18A950B40094779E /* CoreGraphics.framework in Frameworks */,
				94610F4C18A950B40094779E /* UIKit.framework in Frameworks */,
				94610F4818A950B40094779E /* Foundation.framework in Frameworks */,
			);
			runOnlyForDeploymentPostprocessing = 0;
		};
		94610F6218A950B40094779E /* Frameworks */ = {
			isa = PBXFrameworksBuildPhase;
			buildActionMask = 2147483647;
			files = (
				94610F6718A950B40094779E /* XCTest.framework in Frameworks */,
				94610F6918A950B40094779E /* UIKit.framework in Frameworks */,
				94610F6818A950B40094779E /* Foundation.framework in Frameworks */,
			);
			runOnlyForDeploymentPostprocessing = 0;
		};
/* End PBXFrameworksBuildPhase section */

/* Begin PBXGroup section */
		941CE22918AD6AB400E773BF /* Models */ = {
			isa = PBXGroup;
			children = (
				941CE22A18AD6BA200E773BF /* User.h */,
				941CE22B18AD6BA200E773BF /* User.m */,
				948C090518C5258D002A3524 /* Invitation.h */,
				9438EC2618E1C816007A1643 /* Restaurant.h */,
				9438EC2718E1C816007A1643 /* Restaurant.m */,
				948C090618C5258D002A3524 /* Invitation.m */,
			);
			name = Models;
			sourceTree = "<group>";
		};
		942B9DAC18AD5A8D003F8CA6 /* Controllers */ = {
			isa = PBXGroup;
			children = (
				94C3928118E35B7900F194F3 /* ScheduledMealController.h */,
				94C3928218E35B7900F194F3 /* ScheduledMealController.m */,
				9466154318E3047A0066E84D /* RestaurantViewController.h */,
				9466154418E3047A0066E84D /* RestaurantViewController.m */,
				948C090E18C67F26002A3524 /* InviteViewController.h */,
				948C090F18C67F26002A3524 /* InviteViewController.m */,
				948C090218C51575002A3524 /* InvitationsViewController.h */,
				948C090318C51575002A3524 /* InvitationsViewController.m */,
				9448D86918BFAAC5007D40D0 /* PriceViewController.h */,
				9448D86A18BFAAC5007D40D0 /* PriceViewController.m */,
				94D2606418BD2184005FF97C /* WhatViewController.h */,
				94D2606518BD2184005FF97C /* WhatViewController.m */,
				9438EC2118D65EA0007A1643 /* TellFriendsViewController.h */,
				9438EC2218D65EA0007A1643 /* TellFriendsViewController.m */,
				94D2605618BA9DAB005FF97C /* CreateMealNavigationController.h */,
				94D2605718BA9DAB005FF97C /* CreateMealNavigationController.m */,
				94394FF318B3EBE200A2FEDB /* WhoViewController.h */,
				94394FF418B3EBE200A2FEDB /* WhoViewController.m */,
				942CF35118B2932F00BF1B70 /* LoginViewController.h */,
				942CF35218B2932F00BF1B70 /* LoginViewController.m */,
				94610F5C18A950B40094779E /* InitialViewController.h */,
				942B9DAA18AD5A44003F8CA6 /* HomeViewController.m */,
				94610F5D18A950B40094779E /* InitialViewController.m */,
				941CE22D18AD725800E773BF /* SignupViewController.h */,
				942CF34E18B2852700BF1B70 /* LEViewController.h */,
				942CF34F18B2852700BF1B70 /* LEViewController.m */,
				941CE22E18AD725800E773BF /* SignupViewController.m */,
				947F1DE818B4FC38009924E5 /* ValidationViewController.h */,
				947F1DE918B4FC38009924E5 /* ValidationViewController.m */,
				942B9DA918AD5A44003F8CA6 /* HomeViewController.h */,
			);
			name = Controllers;
			sourceTree = "<group>";
		};
		9438EC2018D61332007A1643 /* Deprecated */ = {
			isa = PBXGroup;
			children = (
				94D2605918BB9BE4005FF97C /* WhereViewController.h */,
				94D2605A18BB9BE4005FF97C /* WhereViewController.m */,
			);
			name = Deprecated;
			sourceTree = "<group>";
		};
		94610F3B18A950B40094779E = {
			isa = PBXGroup;
			children = (
				94610F4D18A950B40094779E /* Let's Eat */,
				94610F6C18A950B40094779E /* Let's EatTests */,
				94610F4618A950B40094779E /* Frameworks */,
				94610F4518A950B40094779E /* Products */,
			);
			sourceTree = "<group>";
		};
		94610F4518A950B40094779E /* Products */ = {
			isa = PBXGroup;
			children = (
				94610F4418A950B40094779E /* Let's Eat.app */,
				94610F6518A950B40094779E /* Let's EatTests.xctest */,
			);
			name = Products;
			sourceTree = "<group>";
		};
		94610F4618A950B40094779E /* Frameworks */ = {
			isa = PBXGroup;
			children = (
				9438EC2418D6AAC8007A1643 /* MessageUI.framework */,
				94D2605C18BBAA24005FF97C /* MapKit.framework */,
				94610F4718A950B40094779E /* Foundation.framework */,
				94610F4918A950B40094779E /* CoreGraphics.framework */,
				94610F4B18A950B40094779E /* UIKit.framework */,
				94610F6618A950B40094779E /* XCTest.framework */,
			);
			name = Frameworks;
			sourceTree = "<group>";
		};
		94610F4D18A950B40094779E /* Let's Eat */ = {
			isa = PBXGroup;
			children = (
				94610F5918A950B40094779E /* Main.storyboard */,
				9483580518ECA0550022A13C /* InviteCases */,
				9438EC1E18D405C2007A1643 /* TODO */,
				941CE23118AEBE4600E773BF /* Server.h */,
				94D2606718BD59A6005FF97C /* KnownBugs */,
				941CE23218AEBE4600E773BF /* Server.m */,
				9483580118EB02E60022A13C /* Helpers */,
				9438EC2018D61332007A1643 /* Deprecated */,
				94EF731018C8BEA500FFF973 /* Libraries */,
				941CE22918AD6AB400E773BF /* Models */,
				942B9DAC18AD5A8D003F8CA6 /* Controllers */,
				94610F5F18A950B40094779E /* Images.xcassets */,
				94610F4E18A950B40094779E /* Supporting Files */,
			);
			path = "Let's Eat";
			sourceTree = "<group>";
		};
		94610F4E18A950B40094779E /* Supporting Files */ = {
			isa = PBXGroup;
			children = (
				94610F5618A950B40094779E /* AppDelegate.h */,
				94610F5718A950B40094779E /* AppDelegate.m */,
				94610F4F18A950B40094779E /* Let's Eat-Info.plist */,
				94610F5018A950B40094779E /* InfoPlist.strings */,
				94610F5318A950B40094779E /* main.m */,
				94610F5518A950B40094779E /* Let's Eat-Prefix.pch */,
			);
			name = "Supporting Files";
			sourceTree = "<group>";
		};
		94610F6C18A950B40094779E /* Let's EatTests */ = {
			isa = PBXGroup;
			children = (
				94610F7218A950B40094779E /* Let_s_EatTests.m */,
				94610F6D18A950B40094779E /* Supporting Files */,
			);
			path = "Let's EatTests";
			sourceTree = "<group>";
		};
		94610F6D18A950B40094779E /* Supporting Files */ = {
			isa = PBXGroup;
			children = (
				94610F6E18A950B40094779E /* Let's EatTests-Info.plist */,
				94610F6F18A950B40094779E /* InfoPlist.strings */,
			);
			name = "Supporting Files";
			sourceTree = "<group>";
		};
		9483580118EB02E60022A13C /* Helpers */ = {
			isa = PBXGroup;
			children = (
				94B8AD011925436000E39221 /* NonScheduledTableViewCell.h */,
				94B8AD021925436000E39221 /* NonScheduledTableViewCell.m */,
				94FB920F1922B334000C6D22 /* FinalStepTableViewCell.h */,
				94FB92101922B334000C6D22 /* FinalStepTableViewCell.m */,
				945930071913E382007C5C05 /* CheckAllStarsTableViewCell.h */,
				945930081913E382007C5C05 /* CheckAllStarsTableViewCell.m */,
				945930041912C6D8007C5C05 /* FoodTypeTableViewCell.h */,
				945930051912C6D8007C5C05 /* FoodTypeTableViewCell.m */,
				945930011912B824007C5C05 /* ProgressBarDelegate.h */,
				945930021912B824007C5C05 /* ProgressBarDelegate.m */,
				94592FFE1912B631007C5C05 /* ProgressBarTableViewCell.h */,
				94592FFF1912B631007C5C05 /* ProgressBarTableViewCell.m */,
				9483C4A418EF4B4E00373A56 /* InviteTransitionConnectionHandler.h */,
				9483C4A518EF4B4E00373A56 /* InviteTransitionConnectionHandler.m */,
				948357FE18EB02D60022A13C /* InvitationsConnectionHandler.h */,
				948357FF18EB02D60022A13C /* InvitationsConnectionHandler.m */,
				9438EC2C18E1DAE0007A1643 /* RestaurantTableViewCell.h */,
				9438EC2D18E1DAE0007A1643 /* RestaurantTableViewCell.m */,
			);
			name = Helpers;
			sourceTree = "<group>";
		};
		94EF731018C8BEA500FFF973 /* Libraries */ = {
			isa = PBXGroup;
			children = (
				94EF731718CE6BA700FFF973 /* Graphics.h */,
				94EF731818CE6BA700FFF973 /* Graphics.m */,
				94EF731118C8BF0800FFF973 /* NSDate-Utilities.h */,
				94EF731218C8BF3800FFF973 /* NSDate-Utilities.m */,
				94394FF918B4019B00A2FEDB /* JSONKit.h */,
				94394FFA18B4019B00A2FEDB /* JSONKit.m */,
			);
			name = Libraries;
			path = ..;
			sourceTree = "<group>";
		};
/* End PBXGroup section */

/* Begin PBXNativeTarget section */
		94610F4318A950B40094779E /* Let's Eat */ = {
			isa = PBXNativeTarget;
			buildConfigurationList = 94610F7618A950B40094779E /* Build configuration list for PBXNativeTarget "Let's Eat" */;
			buildPhases = (
				94610F4018A950B40094779E /* Sources */,
				94610F4118A950B40094779E /* Frameworks */,
				94610F4218A950B40094779E /* Resources */,
			);
			buildRules = (
			);
			dependencies = (
			);
			name = "Let's Eat";
			productName = "Let's Eat";
			productReference = 94610F4418A950B40094779E /* Let's Eat.app */;
			productType = "com.apple.product-type.application";
		};
		94610F6418A950B40094779E /* Let's EatTests */ = {
			isa = PBXNativeTarget;
			buildConfigurationList = 94610F7918A950B40094779E /* Build configuration list for PBXNativeTarget "Let's EatTests" */;
			buildPhases = (
				94610F6118A950B40094779E /* Sources */,
				94610F6218A950B40094779E /* Frameworks */,
				94610F6318A950B40094779E /* Resources */,
			);
			buildRules = (
			);
			dependencies = (
				94610F6B18A950B40094779E /* PBXTargetDependency */,
			);
			name = "Let's EatTests";
			productName = "Let's EatTests";
			productReference = 94610F6518A950B40094779E /* Let's EatTests.xctest */;
			productType = "com.apple.product-type.bundle.unit-test";
		};
/* End PBXNativeTarget section */

/* Begin PBXProject section */
		94610F3C18A950B40094779E /* Project object */ = {
			isa = PBXProject;
			attributes = {
				LastUpgradeCheck = 0510;
				ORGANIZATIONNAME = "Ryan Kass";
				TargetAttributes = {
					94610F4318A950B40094779E = {
						DevelopmentTeam = 3XUZ46K8AN;
					};
					94610F6418A950B40094779E = {
						TestTargetID = 94610F4318A950B40094779E;
					};
				};
			};
			buildConfigurationList = 94610F3F18A950B40094779E /* Build configuration list for PBXProject "Let's Eat" */;
			compatibilityVersion = "Xcode 3.2";
			developmentRegion = English;
			hasScannedForEncodings = 0;
			knownRegions = (
				en,
				Base,
			);
			mainGroup = 94610F3B18A950B40094779E;
			productRefGroup = 94610F4518A950B40094779E /* Products */;
			projectDirPath = "";
			projectRoot = "";
			targets = (
				94610F4318A950B40094779E /* Let's Eat */,
				94610F6418A950B40094779E /* Let's EatTests */,
			);
		};
/* End PBXProject section */

/* Begin PBXResourcesBuildPhase section */
		94610F4218A950B40094779E /* Resources */ = {
			isa = PBXResourcesBuildPhase;
			buildActionMask = 2147483647;
			files = (
				94610F6018A950B40094779E /* Images.xcassets in Resources */,
				9438EC1F18D405C2007A1643 /* TODO in Resources */,
				9483580618ECA0550022A13C /* InviteCases in Resources */,
				94610F5218A950B40094779E /* InfoPlist.strings in Resources */,
				94610F5B18A950B40094779E /* Main.storyboard in Resources */,
				94D2606818BD59A6005FF97C /* KnownBugs in Resources */,
			);
			runOnlyForDeploymentPostprocessing = 0;
		};
		94610F6318A950B40094779E /* Resources */ = {
			isa = PBXResourcesBuildPhase;
			buildActionMask = 2147483647;
			files = (
				94610F7118A950B40094779E /* InfoPlist.strings in Resources */,
			);
			runOnlyForDeploymentPostprocessing = 0;
		};
/* End PBXResourcesBuildPhase section */

/* Begin PBXSourcesBuildPhase section */
		94610F4018A950B40094779E /* Sources */ = {
			isa = PBXSourcesBuildPhase;
			buildActionMask = 2147483647;
			files = (
				948C090418C51575002A3524 /* InvitationsViewController.m in Sources */,
				9438EC2318D65EA0007A1643 /* TellFriendsViewController.m in Sources */,
				9448D86B18BFAAC5007D40D0 /* PriceViewController.m in Sources */,
				94394FF518B3EBE200A2FEDB /* WhoViewController.m in Sources */,
				94D2606618BD2184005FF97C /* WhatViewController.m in Sources */,
				9438EC2818E1C816007A1643 /* Restaurant.m in Sources */,
				9483C4A618EF4B4E00373A56 /* InviteTransitionConnectionHandler.m in Sources */,
				94B8AD031925436000E39221 /* NonScheduledTableViewCell.m in Sources */,
				941CE22C18AD6BA200E773BF /* User.m in Sources */,
				948C090718C5258D002A3524 /* Invitation.m in Sources */,
				94FB92111922B334000C6D22 /* FinalStepTableViewCell.m in Sources */,
				9438EC2E18E1DAE0007A1643 /* RestaurantTableViewCell.m in Sources */,
				947F1DEA18B4FC38009924E5 /* ValidationViewController.m in Sources */,
				94D2605818BA9DAB005FF97C /* CreateMealNavigationController.m in Sources */,
				94610F5E18A950B40094779E /* InitialViewController.m in Sources */,
				945930031912B824007C5C05 /* ProgressBarDelegate.m in Sources */,
				941CE22F18AD725800E773BF /* SignupViewController.m in Sources */,
				948C091018C67F26002A3524 /* InviteViewController.m in Sources */,
				94EF731318C8BF3800FFF973 /* NSDate-Utilities.m in Sources */,
				945930061912C6D8007C5C05 /* FoodTypeTableViewCell.m in Sources */,
				94394FFB18B4019B00A2FEDB /* JSONKit.m in Sources */,
				945930001912B631007C5C05 /* ProgressBarTableViewCell.m in Sources */,
				94C3928318E35B7900F194F3 /* ScheduledMealController.m in Sources */,
				94610F5818A950B40094779E /* AppDelegate.m in Sources */,
				94610F5418A950B40094779E /* main.m in Sources */,
				94EF731918CE6BA700FFF973 /* Graphics.m in Sources */,
				94D2605B18BB9BE4005FF97C /* WhereViewController.m in Sources */,
				942CF35318B2932F00BF1B70 /* LoginViewController.m in Sources */,
				942CF35018B2852700BF1B70 /* LEViewController.m in Sources */,
				942B9DAB18AD5A44003F8CA6 /* HomeViewController.m in Sources */,
				941CE23318AEBE4600E773BF /* Server.m in Sources */,
				9466154518E3047A0066E84D /* RestaurantViewController.m in Sources */,
				945930091913E382007C5C05 /* CheckAllStarsTableViewCell.m in Sources */,
				9483580018EB02D60022A13C /* InvitationsConnectionHandler.m in Sources */,
			);
			runOnlyForDeploymentPostprocessing = 0;
		};
		94610F6118A950B40094779E /* Sources */ = {
			isa = PBXSourcesBuildPhase;
			buildActionMask = 2147483647;
			files = (
				94610F7318A950B40094779E /* Let_s_EatTests.m in Sources */,
			);
			runOnlyForDeploymentPostprocessing = 0;
		};
/* End PBXSourcesBuildPhase section */

/* Begin PBXTargetDependency section */
		94610F6B18A950B40094779E /* PBXTargetDependency */ = {
			isa = PBXTargetDependency;
			target = 94610F4318A950B40094779E /* Let's Eat */;
			targetProxy = 94610F6A18A950B40094779E /* PBXContainerItemProxy */;
		};
/* End PBXTargetDependency section */

/* Begin PBXVariantGroup section */
		94610F5018A950B40094779E /* InfoPlist.strings */ = {
			isa = PBXVariantGroup;
			children = (
				94610F5118A950B40094779E /* en */,
			);
			name = InfoPlist.strings;
			sourceTree = "<group>";
		};
		94610F5918A950B40094779E /* Main.storyboard */ = {
			isa = PBXVariantGroup;
			children = (
				94610F5A18A950B40094779E /* Base */,
			);
			name = Main.storyboard;
			sourceTree = "<group>";
		};
		94610F6F18A950B40094779E /* InfoPlist.strings */ = {
			isa = PBXVariantGroup;
			children = (
				94610F7018A950B40094779E /* en */,
			);
			name = InfoPlist.strings;
			sourceTree = "<group>";
		};
/* End PBXVariantGroup section */

/* Begin XCBuildConfiguration section */
		94610F7418A950B40094779E /* Debug */ = {
			isa = XCBuildConfiguration;
			buildSettings = {
				ALWAYS_SEARCH_USER_PATHS = NO;
				CLANG_CXX_LANGUAGE_STANDARD = "gnu++0x";
				CLANG_CXX_LIBRARY = "libc++";
				CLANG_ENABLE_MODULES = YES;
				CLANG_ENABLE_OBJC_ARC = YES;
				CLANG_WARN_BOOL_CONVERSION = YES;
				CLANG_WARN_CONSTANT_CONVERSION = YES;
				CLANG_WARN_DIRECT_OBJC_ISA_USAGE = YES_ERROR;
				CLANG_WARN_EMPTY_BODY = YES;
				CLANG_WARN_ENUM_CONVERSION = YES;
				CLANG_WARN_INT_CONVERSION = YES;
				CLANG_WARN_OBJC_ROOT_CLASS = YES_ERROR;
				CLANG_WARN__DUPLICATE_METHOD_MATCH = YES;
				"CODE_SIGN_IDENTITY[sdk=iphoneos*]" = "iPhone Developer";
				COPY_PHASE_STRIP = NO;
				GCC_C_LANGUAGE_STANDARD = gnu99;
				GCC_DYNAMIC_NO_PIC = NO;
				GCC_OPTIMIZATION_LEVEL = 0;
				GCC_PREPROCESSOR_DEFINITIONS = (
					"DEBUG=1",
					"$(inherited)",
				);
				GCC_SYMBOLS_PRIVATE_EXTERN = NO;
				GCC_WARN_64_TO_32_BIT_CONVERSION = YES;
				GCC_WARN_ABOUT_RETURN_TYPE = YES_ERROR;
				GCC_WARN_UNDECLARED_SELECTOR = YES;
				GCC_WARN_UNINITIALIZED_AUTOS = YES;
				GCC_WARN_UNUSED_FUNCTION = YES;
				GCC_WARN_UNUSED_VARIABLE = YES;
				IPHONEOS_DEPLOYMENT_TARGET = 7.0;
				ONLY_ACTIVE_ARCH = YES;
				PROVISIONING_PROFILE = "";
				SDKROOT = iphoneos;
			};
			name = Debug;
		};
		94610F7518A950B40094779E /* Release */ = {
			isa = XCBuildConfiguration;
			buildSettings = {
				ALWAYS_SEARCH_USER_PATHS = NO;
				CLANG_CXX_LANGUAGE_STANDARD = "gnu++0x";
				CLANG_CXX_LIBRARY = "libc++";
				CLANG_ENABLE_MODULES = YES;
				CLANG_ENABLE_OBJC_ARC = YES;
				CLANG_WARN_BOOL_CONVERSION = YES;
				CLANG_WARN_CONSTANT_CONVERSION = YES;
				CLANG_WARN_DIRECT_OBJC_ISA_USAGE = YES_ERROR;
				CLANG_WARN_EMPTY_BODY = YES;
				CLANG_WARN_ENUM_CONVERSION = YES;
				CLANG_WARN_INT_CONVERSION = YES;
				CLANG_WARN_OBJC_ROOT_CLASS = YES_ERROR;
				CLANG_WARN__DUPLICATE_METHOD_MATCH = YES;
				"CODE_SIGN_IDENTITY[sdk=iphoneos*]" = "iPhone Developer";
				COPY_PHASE_STRIP = YES;
				ENABLE_NS_ASSERTIONS = NO;
				GCC_C_LANGUAGE_STANDARD = gnu99;
				GCC_WARN_64_TO_32_BIT_CONVERSION = YES;
				GCC_WARN_ABOUT_RETURN_TYPE = YES_ERROR;
				GCC_WARN_UNDECLARED_SELECTOR = YES;
				GCC_WARN_UNINITIALIZED_AUTOS = YES;
				GCC_WARN_UNUSED_FUNCTION = YES;
				GCC_WARN_UNUSED_VARIABLE = YES;
				IPHONEOS_DEPLOYMENT_TARGET = 7.0;
				PROVISIONING_PROFILE = "";
				SDKROOT = iphoneos;
				VALIDATE_PRODUCT = YES;
			};
			name = Release;
		};
		94610F7718A950B40094779E /* Debug */ = {
			isa = XCBuildConfiguration;
			buildSettings = {
				ASSETCATALOG_COMPILER_APPICON_NAME = AppIcon;
				ASSETCATALOG_COMPILER_LAUNCHIMAGE_NAME = LaunchImage;
				CODE_SIGN_IDENTITY = "iPhone Developer";
				"CODE_SIGN_IDENTITY[sdk=iphoneos*]" = "iPhone Developer";
				GCC_PRECOMPILE_PREFIX_HEADER = YES;
				GCC_PREFIX_HEADER = "Let's Eat/Let's Eat-Prefix.pch";
				INFOPLIST_FILE = "Let's Eat/Let's Eat-Info.plist";
				PRODUCT_NAME = "$(TARGET_NAME)";
				PROVISIONING_PROFILE = "C7ECB088-A78D-47D8-8D00-53829C4BA163";
				WRAPPER_EXTENSION = app;
			};
			name = Debug;
		};
		94610F7818A950B40094779E /* Release */ = {
			isa = XCBuildConfiguration;
			buildSettings = {
				ASSETCATALOG_COMPILER_APPICON_NAME = AppIcon;
				ASSETCATALOG_COMPILER_LAUNCHIMAGE_NAME = LaunchImage;
				CODE_SIGN_IDENTITY = "iPhone Developer";
				"CODE_SIGN_IDENTITY[sdk=iphoneos*]" = "iPhone Developer";
				GCC_PRECOMPILE_PREFIX_HEADER = YES;
				GCC_PREFIX_HEADER = "Let's Eat/Let's Eat-Prefix.pch";
				INFOPLIST_FILE = "Let's Eat/Let's Eat-Info.plist";
				PRODUCT_NAME = "$(TARGET_NAME)";
				PROVISIONING_PROFILE = "C7ECB088-A78D-47D8-8D00-53829C4BA163";
				WRAPPER_EXTENSION = app;
			};
			name = Release;
		};
		94610F7A18A950B40094779E /* Debug */ = {
			isa = XCBuildConfiguration;
			buildSettings = {
				BUNDLE_LOADER = "$(BUILT_PRODUCTS_DIR)/Let's Eat.app/Let's Eat";
				FRAMEWORK_SEARCH_PATHS = (
					"$(SDKROOT)/Developer/Library/Frameworks",
					"$(inherited)",
					"$(DEVELOPER_FRAMEWORKS_DIR)",
				);
				GCC_PRECOMPILE_PREFIX_HEADER = YES;
				GCC_PREFIX_HEADER = "Let's Eat/Let's Eat-Prefix.pch";
				GCC_PREPROCESSOR_DEFINITIONS = (
					"DEBUG=1",
					"$(inherited)",
				);
				INFOPLIST_FILE = "Let's EatTests/Let's EatTests-Info.plist";
				PRODUCT_NAME = "$(TARGET_NAME)";
				TEST_HOST = "$(BUNDLE_LOADER)";
				WRAPPER_EXTENSION = xctest;
			};
			name = Debug;
		};
		94610F7B18A950B40094779E /* Release */ = {
			isa = XCBuildConfiguration;
			buildSettings = {
				BUNDLE_LOADER = "$(BUILT_PRODUCTS_DIR)/Let's Eat.app/Let's Eat";
				FRAMEWORK_SEARCH_PATHS = (
					"$(SDKROOT)/Developer/Library/Frameworks",
					"$(inherited)",
					"$(DEVELOPER_FRAMEWORKS_DIR)",
				);
				GCC_PRECOMPILE_PREFIX_HEADER = YES;
				GCC_PREFIX_HEADER = "Let's Eat/Let's Eat-Prefix.pch";
				INFOPLIST_FILE = "Let's EatTests/Let's EatTests-Info.plist";
				PRODUCT_NAME = "$(TARGET_NAME)";
				TEST_HOST = "$(BUNDLE_LOADER)";
				WRAPPER_EXTENSION = xctest;
			};
			name = Release;
		};
/* End XCBuildConfiguration section */

/* Begin XCConfigurationList section */
		94610F3F18A950B40094779E /* Build configuration list for PBXProject "Let's Eat" */ = {
			isa = XCConfigurationList;
			buildConfigurations = (
				94610F7418A950B40094779E /* Debug */,
				94610F7518A950B40094779E /* Release */,
			);
			defaultConfigurationIsVisible = 0;
			defaultConfigurationName = Release;
		};
		94610F7618A950B40094779E /* Build configuration list for PBXNativeTarget "Let's Eat" */ = {
			isa = XCConfigurationList;
			buildConfigurations = (
				94610F7718A950B40094779E /* Debug */,
				94610F7818A950B40094779E /* Release */,
			);
			defaultConfigurationIsVisible = 0;
			defaultConfigurationName = Release;
		};
		94610F7918A950B40094779E /* Build configuration list for PBXNativeTarget "Let's EatTests" */ = {
			isa = XCConfigurationList;
			buildConfigurations = (
				94610F7A18A950B40094779E /* Debug */,
				94610F7B18A950B40094779E /* Release */,
			);
			defaultConfigurationIsVisible = 0;
			defaultConfigurationName = Release;
		};
/* End XCConfigurationList section */
	};
	rootObject = 94610F3C18A950B40094779E /* Project object */;
}
